// !$*UTF8*$!
{
	archiveVersion = 1;
	classes = {
	};
	objectVersion = 46;
	objects = {

/* Begin PBXBuildFile section */
		004CA32F1F706DF500B690B8 /* CountryPickerView.xib in Resources */ = {isa = PBXBuildFile; fileRef = 004CA32E1F706DF500B690B8 /* CountryPickerView.xib */; };
		51BFE52421E04BD7001F21DE /* CountryPickerViewTVOS.xib in Resources */ = {isa = PBXBuildFile; fileRef = 51BFE52321E04BD7001F21DE /* CountryPickerViewTVOS.xib */; };
		51BFE52E21E05057001F21DE /* CountryPickerView.bundle in Resources */ = {isa = PBXBuildFile; fileRef = 51BFE52821E05057001F21DE /* CountryPickerView.bundle */; };
		51BFE52F21E05057001F21DE /* CountryPickerView.swift in Sources */ = {isa = PBXBuildFile; fileRef = 51BFE52921E05057001F21DE /* CountryPickerView.swift */; };
		51BFE53021E05057001F21DE /* CountryPickerViewController.swift in Sources */ = {isa = PBXBuildFile; fileRef = 51BFE52A21E05057001F21DE /* CountryPickerViewController.swift */; };
		51BFE53121E05057001F21DE /* Extensions.swift in Sources */ = {isa = PBXBuildFile; fileRef = 51BFE52B21E05057001F21DE /* Extensions.swift */; };
		51BFE53221E05057001F21DE /* Delegate+DataSource.swift in Sources */ = {isa = PBXBuildFile; fileRef = 51BFE52C21E05057001F21DE /* Delegate+DataSource.swift */; };
		51BFE53321E05057001F21DE /* NibView.swift in Sources */ = {isa = PBXBuildFile; fileRef = 51BFE52D21E05057001F21DE /* NibView.swift */; };
		51BFE53421E05069001F21DE /* CountryPickerView.swift in Sources */ = {isa = PBXBuildFile; fileRef = 51BFE52921E05057001F21DE /* CountryPickerView.swift */; };
		51BFE53521E05069001F21DE /* CountryPickerViewController.swift in Sources */ = {isa = PBXBuildFile; fileRef = 51BFE52A21E05057001F21DE /* CountryPickerViewController.swift */; };
		51BFE53621E05069001F21DE /* Delegate+DataSource.swift in Sources */ = {isa = PBXBuildFile; fileRef = 51BFE52C21E05057001F21DE /* Delegate+DataSource.swift */; };
		51BFE53721E05069001F21DE /* Extensions.swift in Sources */ = {isa = PBXBuildFile; fileRef = 51BFE52B21E05057001F21DE /* Extensions.swift */; };
		51BFE53821E05069001F21DE /* NibView.swift in Sources */ = {isa = PBXBuildFile; fileRef = 51BFE52D21E05057001F21DE /* NibView.swift */; };
		51BFE53921E05073001F21DE /* CountryPickerView.bundle in Resources */ = {isa = PBXBuildFile; fileRef = 51BFE52821E05057001F21DE /* CountryPickerView.bundle */; };
		51BFE54021E06B2A001F21DE /* LICENSE.md in Resources */ = {isa = PBXBuildFile; fileRef = 51BFE53D21E06B2A001F21DE /* LICENSE.md */; };
		51BFE54121E06B2A001F21DE /* README.md in Resources */ = {isa = PBXBuildFile; fileRef = 51BFE53E21E06B2A001F21DE /* README.md */; };
		51BFE55E21E08A0F001F21DE /* CountryPickerView.h in Headers */ = {isa = PBXBuildFile; fileRef = 004CA2EE1F7056E700B690B8 /* CountryPickerView.h */; settings = {ATTRIBUTES = (Public, ); }; };
		51BFE55F21E08A10001F21DE /* CountryPickerView.h in Headers */ = {isa = PBXBuildFile; fileRef = 004CA2EE1F7056E700B690B8 /* CountryPickerView.h */; settings = {ATTRIBUTES = (Public, ); }; };
/* End PBXBuildFile section */

/* Begin PBXFileReference section */
		004CA2EB1F7056E700B690B8 /* CountryPickerView.framework */ = {isa = PBXFileReference; explicitFileType = wrapper.framework; includeInIndex = 0; path = CountryPickerView.framework; sourceTree = BUILT_PRODUCTS_DIR; };
		004CA2EE1F7056E700B690B8 /* CountryPickerView.h */ = {isa = PBXFileReference; lastKnownFileType = sourcecode.c.h; path = CountryPickerView.h; sourceTree = "<group>"; };
		004CA2EF1F7056E700B690B8 /* Info-iOS.plist */ = {isa = PBXFileReference; lastKnownFileType = text.plist.xml; path = "Info-iOS.plist"; sourceTree = "<group>"; };
		004CA32E1F706DF500B690B8 /* CountryPickerView.xib */ = {isa = PBXFileReference; fileEncoding = 4; lastKnownFileType = file.xib; path = CountryPickerView.xib; sourceTree = "<group>"; };
		51BFE50E21E047A4001F21DE /* CountryPickerView.framework */ = {isa = PBXFileReference; explicitFileType = wrapper.framework; includeInIndex = 0; path = CountryPickerView.framework; sourceTree = BUILT_PRODUCTS_DIR; };
		51BFE51121E047A4001F21DE /* Info-tvOS.plist */ = {isa = PBXFileReference; lastKnownFileType = text.plist.xml; path = "Info-tvOS.plist"; sourceTree = "<group>"; };
		51BFE52321E04BD7001F21DE /* CountryPickerViewTVOS.xib */ = {isa = PBXFileReference; fileEncoding = 4; lastKnownFileType = file.xib; path = CountryPickerViewTVOS.xib; sourceTree = "<group>"; };
		51BFE52821E05057001F21DE /* CountryPickerView.bundle */ = {isa = PBXFileReference; lastKnownFileType = "wrapper.plug-in"; path = CountryPickerView.bundle; sourceTree = "<group>"; };
		51BFE52921E05057001F21DE /* CountryPickerView.swift */ = {isa = PBXFileReference; fileEncoding = 4; lastKnownFileType = sourcecode.swift; path = CountryPickerView.swift; sourceTree = "<group>"; };
		51BFE52A21E05057001F21DE /* CountryPickerViewController.swift */ = {isa = PBXFileReference; fileEncoding = 4; lastKnownFileType = sourcecode.swift; path = CountryPickerViewController.swift; sourceTree = "<group>"; };
		51BFE52B21E05057001F21DE /* Extensions.swift */ = {isa = PBXFileReference; fileEncoding = 4; lastKnownFileType = sourcecode.swift; path = Extensions.swift; sourceTree = "<group>"; };
		51BFE52C21E05057001F21DE /* Delegate+DataSource.swift */ = {isa = PBXFileReference; fileEncoding = 4; lastKnownFileType = sourcecode.swift; path = "Delegate+DataSource.swift"; sourceTree = "<group>"; };
		51BFE52D21E05057001F21DE /* NibView.swift */ = {isa = PBXFileReference; fileEncoding = 4; lastKnownFileType = sourcecode.swift; path = NibView.swift; sourceTree = "<group>"; };
		51BFE53D21E06B2A001F21DE /* LICENSE.md */ = {isa = PBXFileReference; fileEncoding = 4; lastKnownFileType = net.daringfireball.markdown; path = LICENSE.md; sourceTree = "<group>"; };
		51BFE53E21E06B2A001F21DE /* README.md */ = {isa = PBXFileReference; fileEncoding = 4; lastKnownFileType = net.daringfireball.markdown; path = README.md; sourceTree = "<group>"; };
/* End PBXFileReference section */

/* Begin PBXFrameworksBuildPhase section */
		004CA2E71F7056E700B690B8 /* Frameworks */ = {
			isa = PBXFrameworksBuildPhase;
			buildActionMask = 2147483647;
			files = (
			);
			runOnlyForDeploymentPostprocessing = 0;
		};
		51BFE50B21E047A4001F21DE /* Frameworks */ = {
			isa = PBXFrameworksBuildPhase;
			buildActionMask = 2147483647;
			files = (
			);
			runOnlyForDeploymentPostprocessing = 0;
		};
/* End PBXFrameworksBuildPhase section */

/* Begin PBXGroup section */
		004CA2E11F7056E600B690B8 = {
			isa = PBXGroup;
			children = (
				51BFE53B21E06AD0001F21DE /* Metadata */,
				51BFE53A21E05091001F21DE /* SupportFiles */,
				51BFE52621E04FDE001F21DE /* Sources */,
				004CA2ED1F7056E700B690B8 /* CountryPickerViewiOS */,
				51BFE50F21E047A4001F21DE /* CountryPickerViewTVOS */,
				004CA2EC1F7056E700B690B8 /* Products */,
			);
			sourceTree = "<group>";
		};
		004CA2EC1F7056E700B690B8 /* Products */ = {
			isa = PBXGroup;
			children = (
				004CA2EB1F7056E700B690B8 /* CountryPickerView.framework */,
				51BFE50E21E047A4001F21DE /* CountryPickerView.framework */,
			);
			name = Products;
			sourceTree = "<group>";
		};
		004CA2ED1F7056E700B690B8 /* CountryPickerViewiOS */ = {
			isa = PBXGroup;
			children = (
				004CA32E1F706DF500B690B8 /* CountryPickerView.xib */,
			);
			path = CountryPickerViewiOS;
			sourceTree = "<group>";
		};
		51BFE50F21E047A4001F21DE /* CountryPickerViewTVOS */ = {
			isa = PBXGroup;
			children = (
				51BFE52321E04BD7001F21DE /* CountryPickerViewTVOS.xib */,
			);
			path = CountryPickerViewTVOS;
			sourceTree = "<group>";
		};
		51BFE52621E04FDE001F21DE /* Sources */ = {
			isa = PBXGroup;
			children = (
				004CA2EE1F7056E700B690B8 /* CountryPickerView.h */,
				51BFE52721E05057001F21DE /* Assets */,
				51BFE52921E05057001F21DE /* CountryPickerView.swift */,
				51BFE52A21E05057001F21DE /* CountryPickerViewController.swift */,
				51BFE52C21E05057001F21DE /* Delegate+DataSource.swift */,
				51BFE52B21E05057001F21DE /* Extensions.swift */,
				51BFE52D21E05057001F21DE /* NibView.swift */,
			);
			path = Sources;
			sourceTree = "<group>";
		};
		51BFE52721E05057001F21DE /* Assets */ = {
			isa = PBXGroup;
			children = (
				51BFE52821E05057001F21DE /* CountryPickerView.bundle */,
			);
			path = Assets;
			sourceTree = "<group>";
		};
		51BFE53A21E05091001F21DE /* SupportFiles */ = {
			isa = PBXGroup;
			children = (
				004CA2EF1F7056E700B690B8 /* Info-iOS.plist */,
				51BFE51121E047A4001F21DE /* Info-tvOS.plist */,
			);
			path = SupportFiles;
			sourceTree = "<group>";
		};
		51BFE53B21E06AD0001F21DE /* Metadata */ = {
			isa = PBXGroup;
			children = (
				51BFE53D21E06B2A001F21DE /* LICENSE.md */,
				51BFE53E21E06B2A001F21DE /* README.md */,
			);
			path = Metadata;
			sourceTree = "<group>";
		};
/* End PBXGroup section */

/* Begin PBXHeadersBuildPhase section */
		004CA2E81F7056E700B690B8 /* Headers */ = {
			isa = PBXHeadersBuildPhase;
			buildActionMask = 2147483647;
			files = (
				51BFE55F21E08A10001F21DE /* CountryPickerView.h in Headers */,
			);
			runOnlyForDeploymentPostprocessing = 0;
		};
		51BFE50921E047A4001F21DE /* Headers */ = {
			isa = PBXHeadersBuildPhase;
			buildActionMask = 2147483647;
			files = (
				51BFE55E21E08A0F001F21DE /* CountryPickerView.h in Headers */,
			);
			runOnlyForDeploymentPostprocessing = 0;
		};
/* End PBXHeadersBuildPhase section */

/* Begin PBXNativeTarget section */
		004CA2EA1F7056E700B690B8 /* CountryPickerView */ = {
			isa = PBXNativeTarget;
			buildConfigurationList = 004CA2F31F7056E700B690B8 /* Build configuration list for PBXNativeTarget "CountryPickerView" */;
			buildPhases = (
				004CA2E61F7056E700B690B8 /* Sources */,
				004CA2E71F7056E700B690B8 /* Frameworks */,
				004CA2E81F7056E700B690B8 /* Headers */,
				004CA2E91F7056E700B690B8 /* Resources */,
			);
			buildRules = (
			);
			dependencies = (
			);
			name = CountryPickerView;
			productName = CountryPicker;
			productReference = 004CA2EB1F7056E700B690B8 /* CountryPickerView.framework */;
			productType = "com.apple.product-type.framework";
		};
		51BFE50D21E047A4001F21DE /* CountryPickerViewTVOS */ = {
			isa = PBXNativeTarget;
			buildConfigurationList = 51BFE51321E047A4001F21DE /* Build configuration list for PBXNativeTarget "CountryPickerViewTVOS" */;
			buildPhases = (
				51BFE50921E047A4001F21DE /* Headers */,
				51BFE50A21E047A4001F21DE /* Sources */,
				51BFE50B21E047A4001F21DE /* Frameworks */,
				51BFE50C21E047A4001F21DE /* Resources */,
			);
			buildRules = (
			);
			dependencies = (
			);
			name = CountryPickerViewTVOS;
			productName = CountryPickerViewTVOS;
			productReference = 51BFE50E21E047A4001F21DE /* CountryPickerView.framework */;
			productType = "com.apple.product-type.framework";
		};
/* End PBXNativeTarget section */

/* Begin PBXProject section */
		004CA2E21F7056E700B690B8 /* Project object */ = {
			isa = PBXProject;
			attributes = {
				LastUpgradeCheck = 1000;
				ORGANIZATIONNAME = "Kizito Nwose";
				TargetAttributes = {
					004CA2EA1F7056E700B690B8 = {
						CreatedOnToolsVersion = 8.3.2;
						DevelopmentTeam = K3JWY7DT4K;
						LastSwiftMigration = 0830;
						ProvisioningStyle = Automatic;
					};
					51BFE50D21E047A4001F21DE = {
						CreatedOnToolsVersion = 10.1;
						LastSwiftMigration = 1010;
						ProvisioningStyle = Automatic;
					};
				};
			};
			buildConfigurationList = 004CA2E51F7056E700B690B8 /* Build configuration list for PBXProject "CountryPickerView" */;
			compatibilityVersion = "Xcode 3.2";
			developmentRegion = English;
			hasScannedForEncodings = 0;
			knownRegions = (
				en,
			);
			mainGroup = 004CA2E11F7056E600B690B8;
			productRefGroup = 004CA2EC1F7056E700B690B8 /* Products */;
			projectDirPath = "";
			projectRoot = "";
			targets = (
				004CA2EA1F7056E700B690B8 /* CountryPickerView */,
				51BFE50D21E047A4001F21DE /* CountryPickerViewTVOS */,
			);
		};
/* End PBXProject section */

/* Begin PBXResourcesBuildPhase section */
		004CA2E91F7056E700B690B8 /* Resources */ = {
			isa = PBXResourcesBuildPhase;
			buildActionMask = 2147483647;
			files = (
				004CA32F1F706DF500B690B8 /* CountryPickerView.xib in Resources */,
				51BFE53921E05073001F21DE /* CountryPickerView.bundle in Resources */,
			);
			runOnlyForDeploymentPostprocessing = 0;
		};
		51BFE50C21E047A4001F21DE /* Resources */ = {
			isa = PBXResourcesBuildPhase;
			buildActionMask = 2147483647;
			files = (
				51BFE54021E06B2A001F21DE /* LICENSE.md in Resources */,
				51BFE54121E06B2A001F21DE /* README.md in Resources */,
				51BFE52421E04BD7001F21DE /* CountryPickerViewTVOS.xib in Resources */,
				51BFE52E21E05057001F21DE /* CountryPickerView.bundle in Resources */,
			);
			runOnlyForDeploymentPostprocessing = 0;
		};
/* End PBXResourcesBuildPhase section */

/* Begin PBXSourcesBuildPhase section */
		004CA2E61F7056E700B690B8 /* Sources */ = {
			isa = PBXSourcesBuildPhase;
			buildActionMask = 2147483647;
			files = (
				51BFE53421E05069001F21DE /* CountryPickerView.swift in Sources */,
				51BFE53521E05069001F21DE /* CountryPickerViewController.swift in Sources */,
				51BFE53621E05069001F21DE /* Delegate+DataSource.swift in Sources */,
				51BFE53721E05069001F21DE /* Extensions.swift in Sources */,
				51BFE53821E05069001F21DE /* NibView.swift in Sources */,
			);
			runOnlyForDeploymentPostprocessing = 0;
		};
		51BFE50A21E047A4001F21DE /* Sources */ = {
			isa = PBXSourcesBuildPhase;
			buildActionMask = 2147483647;
			files = (
				51BFE52F21E05057001F21DE /* CountryPickerView.swift in Sources */,
				51BFE53221E05057001F21DE /* Delegate+DataSource.swift in Sources */,
				51BFE53121E05057001F21DE /* Extensions.swift in Sources */,
				51BFE53021E05057001F21DE /* CountryPickerViewController.swift in Sources */,
				51BFE53321E05057001F21DE /* NibView.swift in Sources */,
			);
			runOnlyForDeploymentPostprocessing = 0;
		};
/* End PBXSourcesBuildPhase section */

/* Begin XCBuildConfiguration section */
		004CA2F11F7056E700B690B8 /* Debug */ = {
			isa = XCBuildConfiguration;
			buildSettings = {
				ALWAYS_SEARCH_USER_PATHS = NO;
				CLANG_ANALYZER_NONNULL = YES;
				CLANG_ANALYZER_NUMBER_OBJECT_CONVERSION = YES_AGGRESSIVE;
				CLANG_CXX_LANGUAGE_STANDARD = "gnu++0x";
				CLANG_CXX_LIBRARY = "libc++";
				CLANG_ENABLE_MODULES = YES;
				CLANG_ENABLE_OBJC_ARC = YES;
				CLANG_WARN_BLOCK_CAPTURE_AUTORELEASING = YES;
				CLANG_WARN_BOOL_CONVERSION = YES;
				CLANG_WARN_COMMA = YES;
				CLANG_WARN_CONSTANT_CONVERSION = YES;
				CLANG_WARN_DEPRECATED_OBJC_IMPLEMENTATIONS = YES;
				CLANG_WARN_DIRECT_OBJC_ISA_USAGE = YES_ERROR;
				CLANG_WARN_DOCUMENTATION_COMMENTS = YES;
				CLANG_WARN_EMPTY_BODY = YES;
				CLANG_WARN_ENUM_CONVERSION = YES;
				CLANG_WARN_INFINITE_RECURSION = YES;
				CLANG_WARN_INT_CONVERSION = YES;
				CLANG_WARN_NON_LITERAL_NULL_CONVERSION = YES;
				CLANG_WARN_OBJC_IMPLICIT_RETAIN_SELF = YES;
				CLANG_WARN_OBJC_LITERAL_CONVERSION = YES;
				CLANG_WARN_OBJC_ROOT_CLASS = YES_ERROR;
				CLANG_WARN_RANGE_LOOP_ANALYSIS = YES;
				CLANG_WARN_STRICT_PROTOTYPES = YES;
				CLANG_WARN_SUSPICIOUS_MOVE = YES;
				CLANG_WARN_UNREACHABLE_CODE = YES;
				CLANG_WARN__DUPLICATE_METHOD_MATCH = YES;
				"CODE_SIGN_IDENTITY[sdk=iphoneos*]" = "iPhone Developer";
				COPY_PHASE_STRIP = NO;
				CURRENT_PROJECT_VERSION = 1;
				DEBUG_INFORMATION_FORMAT = dwarf;
				ENABLE_STRICT_OBJC_MSGSEND = YES;
				ENABLE_TESTABILITY = YES;
				GCC_C_LANGUAGE_STANDARD = gnu99;
				GCC_DYNAMIC_NO_PIC = NO;
				GCC_NO_COMMON_BLOCKS = YES;
				GCC_OPTIMIZATION_LEVEL = 0;
				GCC_PREPROCESSOR_DEFINITIONS = (
					"DEBUG=1",
					"$(inherited)",
				);
				GCC_WARN_64_TO_32_BIT_CONVERSION = YES;
				GCC_WARN_ABOUT_RETURN_TYPE = YES_ERROR;
				GCC_WARN_UNDECLARED_SELECTOR = YES;
				GCC_WARN_UNINITIALIZED_AUTOS = YES_AGGRESSIVE;
				GCC_WARN_UNUSED_FUNCTION = YES;
				GCC_WARN_UNUSED_VARIABLE = YES;
				IPHONEOS_DEPLOYMENT_TARGET = 8.0;
				MTL_ENABLE_DEBUG_INFO = YES;
				ONLY_ACTIVE_ARCH = YES;
				SDKROOT = iphoneos;
				SWIFT_ACTIVE_COMPILATION_CONDITIONS = DEBUG;
				SWIFT_OPTIMIZATION_LEVEL = "-Onone";
				SWIFT_VERSION = 4.0;
				TARGETED_DEVICE_FAMILY = "1,2";
				TVOS_DEPLOYMENT_TARGET = 10.0;
				VERSIONING_SYSTEM = "apple-generic";
				VERSION_INFO_PREFIX = "";
			};
			name = Debug;
		};
		004CA2F21F7056E700B690B8 /* Release */ = {
			isa = XCBuildConfiguration;
			buildSettings = {
				ALWAYS_SEARCH_USER_PATHS = NO;
				CLANG_ANALYZER_NONNULL = YES;
				CLANG_ANALYZER_NUMBER_OBJECT_CONVERSION = YES_AGGRESSIVE;
				CLANG_CXX_LANGUAGE_STANDARD = "gnu++0x";
				CLANG_CXX_LIBRARY = "libc++";
				CLANG_ENABLE_MODULES = YES;
				CLANG_ENABLE_OBJC_ARC = YES;
				CLANG_WARN_BLOCK_CAPTURE_AUTORELEASING = YES;
				CLANG_WARN_BOOL_CONVERSION = YES;
				CLANG_WARN_COMMA = YES;
				CLANG_WARN_CONSTANT_CONVERSION = YES;
				CLANG_WARN_DEPRECATED_OBJC_IMPLEMENTATIONS = YES;
				CLANG_WARN_DIRECT_OBJC_ISA_USAGE = YES_ERROR;
				CLANG_WARN_DOCUMENTATION_COMMENTS = YES;
				CLANG_WARN_EMPTY_BODY = YES;
				CLANG_WARN_ENUM_CONVERSION = YES;
				CLANG_WARN_INFINITE_RECURSION = YES;
				CLANG_WARN_INT_CONVERSION = YES;
				CLANG_WARN_NON_LITERAL_NULL_CONVERSION = YES;
				CLANG_WARN_OBJC_IMPLICIT_RETAIN_SELF = YES;
				CLANG_WARN_OBJC_LITERAL_CONVERSION = YES;
				CLANG_WARN_OBJC_ROOT_CLASS = YES_ERROR;
				CLANG_WARN_RANGE_LOOP_ANALYSIS = YES;
				CLANG_WARN_STRICT_PROTOTYPES = YES;
				CLANG_WARN_SUSPICIOUS_MOVE = YES;
				CLANG_WARN_UNREACHABLE_CODE = YES;
				CLANG_WARN__DUPLICATE_METHOD_MATCH = YES;
				"CODE_SIGN_IDENTITY[sdk=iphoneos*]" = "iPhone Developer";
				COPY_PHASE_STRIP = NO;
				CURRENT_PROJECT_VERSION = 1;
				DEBUG_INFORMATION_FORMAT = "dwarf-with-dsym";
				ENABLE_NS_ASSERTIONS = NO;
				ENABLE_STRICT_OBJC_MSGSEND = YES;
				GCC_C_LANGUAGE_STANDARD = gnu99;
				GCC_NO_COMMON_BLOCKS = YES;
				GCC_WARN_64_TO_32_BIT_CONVERSION = YES;
				GCC_WARN_ABOUT_RETURN_TYPE = YES_ERROR;
				GCC_WARN_UNDECLARED_SELECTOR = YES;
				GCC_WARN_UNINITIALIZED_AUTOS = YES_AGGRESSIVE;
				GCC_WARN_UNUSED_FUNCTION = YES;
				GCC_WARN_UNUSED_VARIABLE = YES;
				IPHONEOS_DEPLOYMENT_TARGET = 8.0;
				MTL_ENABLE_DEBUG_INFO = NO;
				SDKROOT = iphoneos;
				SWIFT_OPTIMIZATION_LEVEL = "-Owholemodule";
				SWIFT_VERSION = 4.0;
				TARGETED_DEVICE_FAMILY = "1,2";
				TVOS_DEPLOYMENT_TARGET = 10.0;
				VALIDATE_PRODUCT = YES;
				VERSIONING_SYSTEM = "apple-generic";
				VERSION_INFO_PREFIX = "";
			};
			name = Release;
		};
		004CA2F41F7056E700B690B8 /* Debug */ = {
			isa = XCBuildConfiguration;
			buildSettings = {
				CLANG_ENABLE_MODULES = YES;
				CODE_SIGN_IDENTITY = "";
				DEFINES_MODULE = YES;
				DEVELOPMENT_TEAM = K3JWY7DT4K;
				DYLIB_COMPATIBILITY_VERSION = 1;
				DYLIB_CURRENT_VERSION = 1;
				DYLIB_INSTALL_NAME_BASE = "@rpath";
				INFOPLIST_FILE = "Sources/SupportFiles/Info-iOS.plist";
				INSTALL_PATH = "$(LOCAL_LIBRARY_DIR)/Frameworks";
				LD_RUNPATH_SEARCH_PATHS = "$(inherited) @executable_path/Frameworks @loader_path/Frameworks";
				PRODUCT_BUNDLE_IDENTIFIER = com.kizitonwose.CountryPickerView;
				PRODUCT_NAME = CountryPickerView;
				SKIP_INSTALL = YES;
				SWIFT_OPTIMIZATION_LEVEL = "-Onone";
				SWIFT_VERSION = 4.2;
			};
			name = Debug;
		};
		004CA2F51F7056E700B690B8 /* Release */ = {
			isa = XCBuildConfiguration;
			buildSettings = {
				CLANG_ENABLE_MODULES = YES;
				CODE_SIGN_IDENTITY = "";
				DEFINES_MODULE = YES;
				DEVELOPMENT_TEAM = K3JWY7DT4K;
				DYLIB_COMPATIBILITY_VERSION = 1;
				DYLIB_CURRENT_VERSION = 1;
				DYLIB_INSTALL_NAME_BASE = "@rpath";
				INFOPLIST_FILE = "Sources/SupportFiles/Info-iOS.plist";
				INSTALL_PATH = "$(LOCAL_LIBRARY_DIR)/Frameworks";
				LD_RUNPATH_SEARCH_PATHS = "$(inherited) @executable_path/Frameworks @loader_path/Frameworks";
				PRODUCT_BUNDLE_IDENTIFIER = com.kizitonwose.CountryPickerView;
				PRODUCT_NAME = CountryPickerView;
				SKIP_INSTALL = YES;
				SWIFT_VERSION = 4.2;
			};
			name = Release;
		};
		51BFE51421E047A4001F21DE /* Debug */ = {
			isa = XCBuildConfiguration;
			buildSettings = {
				CLANG_CXX_LANGUAGE_STANDARD = "gnu++14";
				CLANG_ENABLE_MODULES = YES;
				CLANG_ENABLE_OBJC_WEAK = YES;
				CLANG_WARN_UNGUARDED_AVAILABILITY = YES_AGGRESSIVE;
				CODE_SIGN_IDENTITY = "";
				CODE_SIGN_STYLE = Automatic;
				DEFINES_MODULE = YES;
				DEVELOPMENT_TEAM = "";
				DYLIB_COMPATIBILITY_VERSION = 1;
				DYLIB_CURRENT_VERSION = 1;
				DYLIB_INSTALL_NAME_BASE = "@rpath";
				GCC_C_LANGUAGE_STANDARD = gnu11;
				INFOPLIST_FILE = "Sources/SupportFiles/Info-tvOS.plist";
				INSTALL_PATH = "$(LOCAL_LIBRARY_DIR)/Frameworks";
				LD_RUNPATH_SEARCH_PATHS = "$(inherited) @executable_path/Frameworks @loader_path/Frameworks";
				MTL_ENABLE_DEBUG_INFO = INCLUDE_SOURCE;
				MTL_FAST_MATH = YES;
				PRODUCT_BUNDLE_IDENTIFIER = com.kizitonwose.CountryPickerViewTVOS;
				PRODUCT_NAME = CountryPickerView;
				SDKROOT = appletvos;
				SKIP_INSTALL = YES;
				SWIFT_OPTIMIZATION_LEVEL = "-Onone";
				SWIFT_VERSION = 4.2;
				TARGETED_DEVICE_FAMILY = 3;
			};
			name = Debug;
		};
		51BFE51521E047A4001F21DE /* Release */ = {
			isa = XCBuildConfiguration;
			buildSettings = {
				CLANG_CXX_LANGUAGE_STANDARD = "gnu++14";
				CLANG_ENABLE_MODULES = YES;
				CLANG_ENABLE_OBJC_WEAK = YES;
				CLANG_WARN_UNGUARDED_AVAILABILITY = YES_AGGRESSIVE;
				CODE_SIGN_IDENTITY = "";
				CODE_SIGN_STYLE = Automatic;
				DEFINES_MODULE = YES;
				DEVELOPMENT_TEAM = "";
				DYLIB_COMPATIBILITY_VERSION = 1;
				DYLIB_CURRENT_VERSION = 1;
				DYLIB_INSTALL_NAME_BASE = "@rpath";
				GCC_C_LANGUAGE_STANDARD = gnu11;
				INFOPLIST_FILE = "Sources/SupportFiles/Info-tvOS.plist";
				INSTALL_PATH = "$(LOCAL_LIBRARY_DIR)/Frameworks";
				LD_RUNPATH_SEARCH_PATHS = "$(inherited) @executable_path/Frameworks @loader_path/Frameworks";
				MTL_FAST_MATH = YES;
				PRODUCT_BUNDLE_IDENTIFIER = com.kizitonwose.CountryPickerViewTVOS;
				PRODUCT_NAME = CountryPickerView;
				SDKROOT = appletvos;
				SKIP_INSTALL = YES;
				SWIFT_VERSION = 4.2;
				TARGETED_DEVICE_FAMILY = 3;
			};
			name = Release;
		};
/* End XCBuildConfiguration section */

/* Begin XCConfigurationList section */
		004CA2E51F7056E700B690B8 /* Build configuration list for PBXProject "CountryPickerView" */ = {
			isa = XCConfigurationList;
			buildConfigurations = (
				004CA2F11F7056E700B690B8 /* Debug */,
				004CA2F21F7056E700B690B8 /* Release */,
			);
			defaultConfigurationIsVisible = 0;
			defaultConfigurationName = Release;
		};
		004CA2F31F7056E700B690B8 /* Build configuration list for PBXNativeTarget "CountryPickerView" */ = {
			isa = XCConfigurationList;
			buildConfigurations = (
				004CA2F41F7056E700B690B8 /* Debug */,
				004CA2F51F7056E700B690B8 /* Release */,
			);
			defaultConfigurationIsVisible = 0;
			defaultConfigurationName = Release;
		};
		51BFE51321E047A4001F21DE /* Build configuration list for PBXNativeTarget "CountryPickerViewTVOS" */ = {
			isa = XCConfigurationList;
			buildConfigurations = (
				51BFE51421E047A4001F21DE /* Debug */,
				51BFE51521E047A4001F21DE /* Release */,
			);
			defaultConfigurationIsVisible = 0;
			defaultConfigurationName = Release;
		};
/* End XCConfigurationList section */
	};
	rootObject = 004CA2E21F7056E700B690B8 /* Project object */;
}
