PODS:
  - CountryPickerView (2.2.0)

DEPENDENCIES:
  - CountryPickerView (from `../`)

EXTERNAL SOURCES:
  CountryPickerView:
    :path: "../"

SPEC CHECKSUMS:
  CountryPickerView: fdc367031b39d499bef9d3ef19612473751c3ab7

PODFILE CHECKSUM: 6d67304327de76b0a73c2001076b2afe12aba502

COCOAPODS: 1.6.0.beta.2
