PODS:
  - CountryPickerView (2.2.0)

DEPENDENCIES:
  - CountryPickerView (from `../`)

EXTERNAL SOURCES:
  CountryPickerView:
    :path: "../"

SPEC CHECKSUMS:
  CountryPickerView: 7206023a6354769a4cd460a70f7271647473b6c5

PODFILE CHECKSUM: e034aed4f37392edff0608ab425ae0df256209f6

COCOAPODS: 1.6.0.beta.2
