PODS:
  - CountryPickerView (2.2.0)

DEPENDENCIES:
  - CountryPickerView (from `../`)

EXTERNAL SOURCES:
  CountryPickerView:
    :path: "../"

SPEC CHECKSUMS:
  CountryPickerView: 0fdbc9c86296d271be8d7b9875b77f916bc8a95c

PODFILE CHECKSUM: 649829ad9a32abd953e33364dc48a4a40a615047

COCOAPODS: 1.6.0.beta.2
